
Microsoft Visual Studio Solution File, Format Version 12.00
# Visual Studio 15
VisualStudioVersion = 15.0.28307.902
MinimumVisualStudioVersion = 10.0.40219.1
Project("{FAE04EC0-301F-11D3-BF4B-00C04F79EFBC}") = "SR", "SR\SR.csproj", "{3151F15D-BBB4-49ED-ABA3-C4EA3DE26C79}"
EndProject
Project("{FAE04EC0-301F-11D3-BF4B-00C04F79EFBC}") = "SR.Model", "SR.Model\SR.Model.csproj", "{7B721DFF-FD24-4444-9C5F-793E7B564F02}"
EndProject
Project("{FAE04EC0-301F-11D3-BF4B-00C04F79EFBC}") = "SR.Infrastructure", "SR.Infrastructure\SR.Infrastructure.csproj", "{363B8D3B-2115-472C-94E6-6B4945878215}"
EndProject
Project("{FAE04EC0-301F-11D3-BF4B-00C04F79EFBC}") = "SR.Business", "SR.Business\SR.Business.csproj", "{438BC4C7-9F54-4FEA-AE7D-399F482D505B}"
EndProject
Project("{FAE04EC0-301F-11D3-BF4B-00C04F79EFBC}") = "SR.Business.Imp", "SR.Business.Imp\SR.Business.Imp.csproj", "{F032BDD0-95C1-4050-ADD3-642588087E77}"
EndProject
Project("{FAE04EC0-301F-11D3-BF4B-00C04F79EFBC}") = "SR.Respository", "SR.Respository\SR.Respository.csproj", "{991508FC-67DE-4A08-855D-7B4096529C1A}"
EndProject
Global
	GlobalSection(SolutionConfigurationPlatforms) = preSolution
		Debug|Any CPU = Debug|Any CPU
		Release|Any CPU = Release|Any CPU
	EndGlobalSection
	GlobalSection(ProjectConfigurationPlatforms) = postSolution
		{3151F15D-BBB4-49ED-ABA3-C4EA3DE26C79}.Debug|Any CPU.ActiveCfg = Debug|Any CPU
		{3151F15D-BBB4-49ED-ABA3-C4EA3DE26C79}.Debug|Any CPU.Build.0 = Debug|Any CPU
		{3151F15D-BBB4-49ED-ABA3-C4EA3DE26C79}.Release|Any CPU.ActiveCfg = Release|Any CPU
		{3151F15D-BBB4-49ED-ABA3-C4EA3DE26C79}.Release|Any CPU.Build.0 = Release|Any CPU
		{7B721DFF-FD24-4444-9C5F-793E7B564F02}.Debug|Any CPU.ActiveCfg = Debug|Any CPU
		{7B721DFF-FD24-4444-9C5F-793E7B564F02}.Debug|Any CPU.Build.0 = Debug|Any CPU
		{7B721DFF-FD24-4444-9C5F-793E7B564F02}.Release|Any CPU.ActiveCfg = Release|Any CPU
		{7B721DFF-FD24-4444-9C5F-793E7B564F02}.Release|Any CPU.Build.0 = Release|Any CPU
		{363B8D3B-2115-472C-94E6-6B4945878215}.Debug|Any CPU.ActiveCfg = Debug|Any CPU
		{363B8D3B-2115-472C-94E6-6B4945878215}.Debug|Any CPU.Build.0 = Debug|Any CPU
		{363B8D3B-2115-472C-94E6-6B4945878215}.Release|Any CPU.ActiveCfg = Release|Any CPU
		{363B8D3B-2115-472C-94E6-6B4945878215}.Release|Any CPU.Build.0 = Release|Any CPU
		{438BC4C7-9F54-4FEA-AE7D-399F482D505B}.Debug|Any CPU.ActiveCfg = Debug|Any CPU
		{438BC4C7-9F54-4FEA-AE7D-399F482D505B}.Debug|Any CPU.Build.0 = Debug|Any CPU
		{438BC4C7-9F54-4FEA-AE7D-399F482D505B}.Release|Any CPU.ActiveCfg = Release|Any CPU
		{438BC4C7-9F54-4FEA-AE7D-399F482D505B}.Release|Any CPU.Build.0 = Release|Any CPU
		{F032BDD0-95C1-4050-ADD3-642588087E77}.Debug|Any CPU.ActiveCfg = Debug|Any CPU
		{F032BDD0-95C1-4050-ADD3-642588087E77}.Debug|Any CPU.Build.0 = Debug|Any CPU
		{F032BDD0-95C1-4050-ADD3-642588087E77}.Release|Any CPU.ActiveCfg = Release|Any CPU
		{F032BDD0-95C1-4050-ADD3-642588087E77}.Release|Any CPU.Build.0 = Release|Any CPU
		{991508FC-67DE-4A08-855D-7B4096529C1A}.Debug|Any CPU.ActiveCfg = Debug|Any CPU
		{991508FC-67DE-4A08-855D-7B4096529C1A}.Debug|Any CPU.Build.0 = Debug|Any CPU
		{991508FC-67DE-4A08-855D-7B4096529C1A}.Release|Any CPU.ActiveCfg = Release|Any CPU
		{991508FC-67DE-4A08-855D-7B4096529C1A}.Release|Any CPU.Build.0 = Release|Any CPU
	EndGlobalSection
	GlobalSection(SolutionProperties) = preSolution
		HideSolutionNode = FALSE
	EndGlobalSection
	GlobalSection(ExtensibilityGlobals) = postSolution
		SolutionGuid = {20B5B78F-47A8-47E4-9BDD-A03993775554}
	EndGlobalSection
EndGlobal
